<?xml version="1.0" encoding="utf-8"?>
<Project ToolsVersion="16.0" xmlns="http://schemas.microsoft.com/developer/msbuild/2003">
  <ItemGroup>
    <ClCompile Include="C:\Users\saada\Desktop\New folder (2)\Gamma2\Gamma\Gamma.cpp">
      <Filter>Source Files</Filter>
    </ClCompile>
  </ItemGroup>
  <ItemGroup>
    <CustomBuild Include="C:\Users\saada\Desktop\New folder (2)\Gamma2\Gamma\CMakeLists.txt" />
  </ItemGroup>
  <ItemGroup>
    <Filter Include="Source Files">
      <UniqueIdentifier>{3885963A-D728-3807-A14F-A0FB1D0FA631}</UniqueIdentifier>
    </Filter>
  </ItemGroup>
</Project>
